
Microsoft Visual Studio Solution File, Format Version 12.00
# Visual Studio Version 17
VisualStudioVersion = 17.3.32901.215
MinimumVisualStudioVersion = 10.0.40219.1
Project("{FAE04EC0-301F-11D3-BF4B-00C04F79EFBC}") = "faktöriyel1", "faktöriyel1\faktöriyel1.csproj", "{C86AFDA1-B06D-42C7-91AF-22B65BF77BB1}"
EndProject
Global
	GlobalSection(SolutionConfigurationPlatforms) = preSolution
		Debug|Any CPU = Debug|Any CPU
		Release|Any CPU = Release|Any CPU
	EndGlobalSection
	GlobalSection(ProjectConfigurationPlatforms) = postSolution
		{C86AFDA1-B06D-42C7-91AF-22B65BF77BB1}.Debug|Any CPU.ActiveCfg = Debug|Any CPU
		{C86AFDA1-B06D-42C7-91AF-22B65BF77BB1}.Debug|Any CPU.Build.0 = Debug|Any CPU
		{C86AFDA1-B06D-42C7-91AF-22B65BF77BB1}.Release|Any CPU.ActiveCfg = Release|Any CPU
		{C86AFDA1-B06D-42C7-91AF-22B65BF77BB1}.Release|Any CPU.Build.0 = Release|Any CPU
	EndGlobalSection
	GlobalSection(SolutionProperties) = preSolution
		HideSolutionNode = FALSE
	EndGlobalSection
	GlobalSection(ExtensibilityGlobals) = postSolution
		SolutionGuid = {87F8F540-8B05-41E4-A0C5-8EF8618901D0}
	EndGlobalSection
EndGlobal
